
Microsoft Visual Studio Solution File, Format Version 12.00
# Visual Studio Version 17
VisualStudioVersion = 17.8.34330.188
MinimumVisualStudioVersion = 10.0.40219.1
Project("{9A19103F-16F7-4668-BE54-9A1E7A4F7556}") = "AcademiaFarsiman.Api", "AcademiaFarsiman.Api\AcademiaFarsiman.Api.csproj", "{BDBE5DC9-BCCD-4D0E-94A0-A093A4197D59}"
EndProject
Project("{FAE04EC0-301F-11D3-BF4B-00C04F79EFBC}") = "AcademiaFarsiman.Tests", "AcademiaFarsiman.Tests\AcademiaFarsiman.Tests.csproj", "{77B53510-AF79-4A85-B776-E196A00A5349}"
EndProject
Global
	GlobalSection(SolutionConfigurationPlatforms) = preSolution
		Debug|Any CPU = Debug|Any CPU
		Release|Any CPU = Release|Any CPU
	EndGlobalSection
	GlobalSection(ProjectConfigurationPlatforms) = postSolution
		{BDBE5DC9-BCCD-4D0E-94A0-A093A4197D59}.Debug|Any CPU.ActiveCfg = Debug|Any CPU
		{BDBE5DC9-BCCD-4D0E-94A0-A093A4197D59}.Debug|Any CPU.Build.0 = Debug|Any CPU
		{BDBE5DC9-BCCD-4D0E-94A0-A093A4197D59}.Release|Any CPU.ActiveCfg = Release|Any CPU
		{BDBE5DC9-BCCD-4D0E-94A0-A093A4197D59}.Release|Any CPU.Build.0 = Release|Any CPU
		{77B53510-AF79-4A85-B776-E196A00A5349}.Debug|Any CPU.ActiveCfg = Debug|Any CPU
		{77B53510-AF79-4A85-B776-E196A00A5349}.Debug|Any CPU.Build.0 = Debug|Any CPU
		{77B53510-AF79-4A85-B776-E196A00A5349}.Release|Any CPU.ActiveCfg = Release|Any CPU
		{77B53510-AF79-4A85-B776-E196A00A5349}.Release|Any CPU.Build.0 = Release|Any CPU
	EndGlobalSection
	GlobalSection(SolutionProperties) = preSolution
		HideSolutionNode = FALSE
	EndGlobalSection
	GlobalSection(ExtensibilityGlobals) = postSolution
		SolutionGuid = {0F529DC3-3844-4BE4-95AD-3315FC631D09}
	EndGlobalSection
EndGlobal
